<?xml version="1.0" encoding="utf-8"?>
<Project ToolsVersion="4.0" xmlns="http://schemas.microsoft.com/developer/msbuild/2003">
  <ItemGroup>
    <Filter Include="Classes">
      <UniqueIdentifier>{37c2a11e-f44c-414b-a2af-b3dee0a3a352}</UniqueIdentifier>
    </Filter>
    <Filter Include="Classes\base">
      <UniqueIdentifier>{ca8d43a0-7e64-4f6a-9377-7ec70e0220d9}</UniqueIdentifier>
    </Filter>
    <Filter Include="Classes\shader">
      <UniqueIdentifier>{59097a2b-595d-4d9f-b014-32bad0d33879}</UniqueIdentifier>
    </Filter>
    <Filter Include="Classes\file">
      <UniqueIdentifier>{88774a6d-57d2-4b9f-ae3a-19816eb9c34b}</UniqueIdentifier>
    </Filter>
    <Filter Include="Classes\matrix">
      <UniqueIdentifier>{3116bedc-aef1-4235-8df8-331fefbe6302}</UniqueIdentifier>
    </Filter>
    <Filter Include="resources">
      <UniqueIdentifier>{30048749-37e9-4ba7-b682-0424ad046c23}</UniqueIdentifier>
    </Filter>
    <Filter Include="resources\shader">
      <UniqueIdentifier>{7f107326-554e-4087-9509-6b7bc19c15b4}</UniqueIdentifier>
    </Filter>
    <Filter Include="Classes\texture">
      <UniqueIdentifier>{998559ac-bf78-4071-bf48-d69a6153d7b1}</UniqueIdentifier>
    </Filter>
    <Filter Include="Classes\timer">
      <UniqueIdentifier>{a3afdbde-b56d-48ca-85fd-aa80d31ed063}</UniqueIdentifier>
    </Filter>
    <Filter Include="Classes\av">
      <UniqueIdentifier>{a327fabf-ce6b-4417-9ac5-37c4ed908a7e}</UniqueIdentifier>
    </Filter>
  </ItemGroup>
  <ItemGroup>
    <ClCompile Include="..\Classes\MainTest.cpp">
      <Filter>Classes</Filter>
    </ClCompile>
    <ClCompile Include="..\Classes\base\Color.cpp">
      <Filter>Classes\base</Filter>
    </ClCompile>
    <ClCompile Include="..\Classes\base\Geometry.cpp">
      <Filter>Classes\base</Filter>
    </ClCompile>
    <ClCompile Include="..\Classes\shader\GLShaderProgram.cpp">
      <Filter>Classes\shader</Filter>
    </ClCompile>
    <ClCompile Include="..\Classes\file\FileUtils.cpp">
      <Filter>Classes\file</Filter>
    </ClCompile>
    <ClCompile Include="..\Classes\matrix\MatrixPool.cpp">
      <Filter>Classes\matrix</Filter>
    </ClCompile>
    <ClCompile Include="..\Classes\matrix\Vector3.cpp">
      <Filter>Classes\matrix</Filter>
    </ClCompile>
    <ClCompile Include="..\Classes\matrix\Vector4.cpp">
      <Filter>Classes\matrix</Filter>
    </ClCompile>
    <ClCompile Include="..\Classes\shader\GLLight.cpp">
      <Filter>Classes\shader</Filter>
    </ClCompile>
    <ClCompile Include="..\Classes\matrix\Matrix4x4.cpp">
      <Filter>Classes\matrix</Filter>
    </ClCompile>
    <ClCompile Include="..\Classes\matrix\Matrix3x3.cpp">
      <Filter>Classes\matrix</Filter>
    </ClCompile>
    <ClCompile Include="..\Classes\shader\GLShaderMgr.cpp">
      <Filter>Classes\shader</Filter>
    </ClCompile>
    <ClCompile Include="..\Classes\Main.cpp">
      <Filter>Classes</Filter>
    </ClCompile>
    <ClCompile Include="..\Classes\base\timer.cpp">
      <Filter>Classes\base</Filter>
    </ClCompile>
    <ClCompile Include="..\Classes\texture\Image.cpp">
      <Filter>Classes\texture</Filter>
    </ClCompile>
    <ClCompile Include="..\Classes\texture\Sprite.cpp">
      <Filter>Classes\texture</Filter>
    </ClCompile>
    <ClCompile Include="..\Classes\texture\Texture.cpp">
      <Filter>Classes\texture</Filter>
    </ClCompile>
    <ClCompile Include="..\Classes\timer\schedule.cpp">
      <Filter>Classes\timer</Filter>
    </ClCompile>
    <ClCompile Include="..\Classes\timer\timer.cpp">
      <Filter>Classes\timer</Filter>
    </ClCompile>
    <ClCompile Include="..\Classes\ffmpegTest.cpp">
      <Filter>Classes</Filter>
    </ClCompile>
    <ClCompile Include="..\Classes\av\AVVideo.cpp">
      <Filter>Classes\av</Filter>
    </ClCompile>
    <ClCompile Include="..\Classes\av\AVVideoDecode.cpp">
      <Filter>Classes\av</Filter>
    </ClCompile>
    <ClCompile Include="..\Classes\av\DecodeThread.cpp">
      <Filter>Classes\av</Filter>
    </ClCompile>
  </ItemGroup>
  <ItemGroup>
    <ClInclude Include="..\Classes\base\Color.h">
      <Filter>Classes\base</Filter>
    </ClInclude>
    <ClInclude Include="..\Classes\base\Geometry.h">
      <Filter>Classes\base</Filter>
    </ClInclude>
    <ClInclude Include="..\Classes\shader\GLShaderProgram.h">
      <Filter>Classes\shader</Filter>
    </ClInclude>
    <ClInclude Include="..\Classes\file\Fileutils.h">
      <Filter>Classes\file</Filter>
    </ClInclude>
    <ClInclude Include="..\Classes\matrix\MatrixPool.h">
      <Filter>Classes\matrix</Filter>
    </ClInclude>
    <ClInclude Include="..\Classes\matrix\Vector3.h">
      <Filter>Classes\matrix</Filter>
    </ClInclude>
    <ClInclude Include="..\Classes\matrix\Vector4.h">
      <Filter>Classes\matrix</Filter>
    </ClInclude>
    <ClInclude Include="..\Classes\shader\GLLight.h">
      <Filter>Classes\shader</Filter>
    </ClInclude>
    <ClInclude Include="..\Classes\MacroConfig.h">
      <Filter>Classes</Filter>
    </ClInclude>
    <ClInclude Include="..\Classes\matrix\Matrix3x3.h">
      <Filter>Classes\matrix</Filter>
    </ClInclude>
    <ClInclude Include="..\Classes\matrix\Matrix4x4.h">
      <Filter>Classes\matrix</Filter>
    </ClInclude>
    <ClInclude Include="..\Classes\shader\GLShaderMgr.h">
      <Filter>Classes\shader</Filter>
    </ClInclude>
    <ClInclude Include="..\Classes\MainTest.h">
      <Filter>Classes</Filter>
    </ClInclude>
    <ClInclude Include="..\Classes\base\timer.h">
      <Filter>Classes\base</Filter>
    </ClInclude>
    <ClInclude Include="..\Classes\texture\Image.h">
      <Filter>Classes\texture</Filter>
    </ClInclude>
    <ClInclude Include="..\Classes\texture\Sprite.h">
      <Filter>Classes\texture</Filter>
    </ClInclude>
    <ClInclude Include="..\Classes\texture\Texture.h">
      <Filter>Classes\texture</Filter>
    </ClInclude>
    <ClInclude Include="..\Classes\timer\schedule.h">
      <Filter>Classes\timer</Filter>
    </ClInclude>
    <ClInclude Include="..\Classes\timer\timer.h">
      <Filter>Classes\timer</Filter>
    </ClInclude>
    <ClInclude Include="..\Classes\inttypes.h">
      <Filter>Classes</Filter>
    </ClInclude>
    <ClInclude Include="..\Classes\stdint.h">
      <Filter>Classes</Filter>
    </ClInclude>
    <ClInclude Include="..\Classes\av\AVVideo.h">
      <Filter>Classes\av</Filter>
    </ClInclude>
    <ClInclude Include="..\Classes\av\AVVideoDecode.h">
      <Filter>Classes\av</Filter>
    </ClInclude>
    <ClInclude Include="..\Classes\av\AVVideoSampler.h">
      <Filter>Classes\av</Filter>
    </ClInclude>
    <ClInclude Include="..\Classes\av\decodeThread.h">
      <Filter>Classes\av</Filter>
    </ClInclude>
  </ItemGroup>
  <ItemGroup>
    <None Include="..\Resouces\shaders\light.frag">
      <Filter>resources\shader</Filter>
    </None>
    <None Include="..\Resouces\shaders\light.vert">
      <Filter>resources\shader</Filter>
    </None>
    <None Include="..\Resouces\shaders\position.frag">
      <Filter>resources\shader</Filter>
    </None>
    <None Include="..\Resouces\shaders\position.vert">
      <Filter>resources\shader</Filter>
    </None>
    <None Include="..\Resouces\shaders\readme.txt">
      <Filter>resources\shader</Filter>
    </None>
  </ItemGroup>
</Project>